PODS:
  - AFNetworking (3.2.1):
    - AFNetworking/NSURLSession (= 3.2.1)
    - AFNetworking/Reachability (= 3.2.1)
    - AFNetworking/Security (= 3.2.1)
    - AFNetworking/Serialization (= 3.2.1)
    - AFNetworking/UIKit (= 3.2.1)
  - AFNetworking/NSURLSession (3.2.1):
    - AFNetworking/Reachability
    - AFNetworking/Security
    - AFNetworking/Serialization
  - AFNetworking/Reachability (3.2.1)
  - AFNetworking/Security (3.2.1)
  - AFNetworking/Serialization (3.2.1)
  - AFNetworking/UIKit (3.2.1):
    - AFNetworking/NSURLSession
  - YWNetWorking (0.2.2):
    - YWNetWorking/NetStatus (= 0.2.2)
    - YWNetWorking/NetWork (= 0.2.2)
  - YWNetWorking/NetStatus (0.2.2)
  - YWNetWorking/NetWork (0.2.2):
    - AFNetworking
    - YWNetWorking/NetStatus

DEPENDENCIES:
  - YWNetWorking (from `../`)

SPEC REPOS:
  trunk:
    - AFNetworking

EXTERNAL SOURCES:
  YWNetWorking:
    :path: "../"

SPEC CHECKSUMS:
  AFNetworking: b6f891fdfaed196b46c7a83cf209e09697b94057
  YWNetWorking: e426dde0c56720bde89d8ac2fef2f1962baa58a3

PODFILE CHECKSUM: 34ef6f30c6150db5681283cd05976575213c95e9

COCOAPODS: 1.10.0
