PODS:
  - Reachability (3.2)
  - YWNetWorking (0.3.3):
    - YWNetWorking/NetStatus (= 0.3.3)
    - YWNetWorking/NetWork (= 0.3.3)

DEPENDENCIES:
  - Reachability
  - YWNetWorking (from `../`)

SPEC REPOS:
  trunk:
    - Reachability

EXTERNAL SOURCES:
  YWNetWorking:
    :path: "../"

SPEC CHECKSUMS:
  Reachability: 33e18b67625424e47b6cde6d202dce689ad7af96
  YWNetWorking: f4d5b086a32796c0575c2abd812d71103afad2bd

PODFILE CHECKSUM: 33d63844e6227f92f7742099d472034a254ff205

COCOAPODS: 1.10.0
